
Microsoft Visual Studio Solution File, Format Version 12.00
# Visual Studio 14
VisualStudioVersion = 14.0.23107.0
MinimumVisualStudioVersion = 10.0.40219.1
Project("{FAE04EC0-301F-11D3-BF4B-00C04F79EFBC}") = "LRU.Net", "LRU.Net\LRU.Net.csproj", "{0BD6ABCB-A163-451B-9B1C-0B03ABBB29F0}"
EndProject
Project("{FAE04EC0-301F-11D3-BF4B-00C04F79EFBC}") = "LRU.Net.Tests", "LRU.Net.Tests\LRU.Net.Tests.csproj", "{A99C0802-FE2F-4D64-9136-7FC1F742F6AA}"
EndProject
Global
	GlobalSection(SolutionConfigurationPlatforms) = preSolution
		Debug|Any CPU = Debug|Any CPU
		Release|Any CPU = Release|Any CPU
	EndGlobalSection
	GlobalSection(ProjectConfigurationPlatforms) = postSolution
		{0BD6ABCB-A163-451B-9B1C-0B03ABBB29F0}.Debug|Any CPU.ActiveCfg = Debug|Any CPU
		{0BD6ABCB-A163-451B-9B1C-0B03ABBB29F0}.Debug|Any CPU.Build.0 = Debug|Any CPU
		{0BD6ABCB-A163-451B-9B1C-0B03ABBB29F0}.Release|Any CPU.ActiveCfg = Release|Any CPU
		{0BD6ABCB-A163-451B-9B1C-0B03ABBB29F0}.Release|Any CPU.Build.0 = Release|Any CPU
		{A99C0802-FE2F-4D64-9136-7FC1F742F6AA}.Debug|Any CPU.ActiveCfg = Debug|Any CPU
		{A99C0802-FE2F-4D64-9136-7FC1F742F6AA}.Debug|Any CPU.Build.0 = Debug|Any CPU
		{A99C0802-FE2F-4D64-9136-7FC1F742F6AA}.Release|Any CPU.ActiveCfg = Release|Any CPU
		{A99C0802-FE2F-4D64-9136-7FC1F742F6AA}.Release|Any CPU.Build.0 = Release|Any CPU
	EndGlobalSection
	GlobalSection(SolutionProperties) = preSolution
		HideSolutionNode = FALSE
	EndGlobalSection
EndGlobal
